
Microsoft Visual Studio Solution File, Format Version 12.00
# Visual Studio Version 16
VisualStudioVersion = 16.0.29709.97
MinimumVisualStudioVersion = 10.0.40219.1
Project("{FAE04EC0-301F-11D3-BF4B-00C04F79EFBC}") = "UI", "UI\UI.csproj", "{C9555635-521D-414F-BBE3-01891B49CC10}"
EndProject
Project("{FAE04EC0-301F-11D3-BF4B-00C04F79EFBC}") = "BLL", "BLL\BLL.csproj", "{51524F32-CEA5-4E49-8B65-DA7CB9E563E0}"
EndProject
Project("{FAE04EC0-301F-11D3-BF4B-00C04F79EFBC}") = "Models", "Models\Models.csproj", "{8AB57541-BFB6-4692-A440-A0A2785CB555}"
EndProject
Project("{FAE04EC0-301F-11D3-BF4B-00C04F79EFBC}") = "DAL", "DAL\DAL.csproj", "{58B091A6-529A-4C44-8E9C-2D89E2C557E7}"
EndProject
Project("{FAE04EC0-301F-11D3-BF4B-00C04F79EFBC}") = "Tools", "Tools\Tools.csproj", "{BF84D105-8233-4814-9A6F-1816D624E259}"
EndProject
Project("{FAE04EC0-301F-11D3-BF4B-00C04F79EFBC}") = "Test", "Test\Test.csproj", "{0AF0E168-1C3E-4543-9BF8-08E2684D5961}"
EndProject
Project("{FAE04EC0-301F-11D3-BF4B-00C04F79EFBC}") = "TestWPF", "TestWPF\TestWPF.csproj", "{61EE6E90-C441-45F6-A7FF-89E60FBD0CDC}"
EndProject
Global
	GlobalSection(SolutionConfigurationPlatforms) = preSolution
		Debug|Any CPU = Debug|Any CPU
		Release|Any CPU = Release|Any CPU
	EndGlobalSection
	GlobalSection(ProjectConfigurationPlatforms) = postSolution
		{C9555635-521D-414F-BBE3-01891B49CC10}.Debug|Any CPU.ActiveCfg = Debug|Any CPU
		{C9555635-521D-414F-BBE3-01891B49CC10}.Debug|Any CPU.Build.0 = Debug|Any CPU
		{C9555635-521D-414F-BBE3-01891B49CC10}.Release|Any CPU.ActiveCfg = Release|Any CPU
		{C9555635-521D-414F-BBE3-01891B49CC10}.Release|Any CPU.Build.0 = Release|Any CPU
		{51524F32-CEA5-4E49-8B65-DA7CB9E563E0}.Debug|Any CPU.ActiveCfg = Debug|Any CPU
		{51524F32-CEA5-4E49-8B65-DA7CB9E563E0}.Debug|Any CPU.Build.0 = Debug|Any CPU
		{51524F32-CEA5-4E49-8B65-DA7CB9E563E0}.Release|Any CPU.ActiveCfg = Release|Any CPU
		{51524F32-CEA5-4E49-8B65-DA7CB9E563E0}.Release|Any CPU.Build.0 = Release|Any CPU
		{8AB57541-BFB6-4692-A440-A0A2785CB555}.Debug|Any CPU.ActiveCfg = Debug|Any CPU
		{8AB57541-BFB6-4692-A440-A0A2785CB555}.Debug|Any CPU.Build.0 = Debug|Any CPU
		{8AB57541-BFB6-4692-A440-A0A2785CB555}.Release|Any CPU.ActiveCfg = Release|Any CPU
		{8AB57541-BFB6-4692-A440-A0A2785CB555}.Release|Any CPU.Build.0 = Release|Any CPU
		{58B091A6-529A-4C44-8E9C-2D89E2C557E7}.Debug|Any CPU.ActiveCfg = Debug|Any CPU
		{58B091A6-529A-4C44-8E9C-2D89E2C557E7}.Debug|Any CPU.Build.0 = Debug|Any CPU
		{58B091A6-529A-4C44-8E9C-2D89E2C557E7}.Release|Any CPU.ActiveCfg = Release|Any CPU
		{58B091A6-529A-4C44-8E9C-2D89E2C557E7}.Release|Any CPU.Build.0 = Release|Any CPU
		{BF84D105-8233-4814-9A6F-1816D624E259}.Debug|Any CPU.ActiveCfg = Debug|Any CPU
		{BF84D105-8233-4814-9A6F-1816D624E259}.Debug|Any CPU.Build.0 = Debug|Any CPU
		{BF84D105-8233-4814-9A6F-1816D624E259}.Release|Any CPU.ActiveCfg = Release|Any CPU
		{BF84D105-8233-4814-9A6F-1816D624E259}.Release|Any CPU.Build.0 = Release|Any CPU
		{0AF0E168-1C3E-4543-9BF8-08E2684D5961}.Debug|Any CPU.ActiveCfg = Debug|Any CPU
		{0AF0E168-1C3E-4543-9BF8-08E2684D5961}.Debug|Any CPU.Build.0 = Debug|Any CPU
		{0AF0E168-1C3E-4543-9BF8-08E2684D5961}.Release|Any CPU.ActiveCfg = Release|Any CPU
		{0AF0E168-1C3E-4543-9BF8-08E2684D5961}.Release|Any CPU.Build.0 = Release|Any CPU
		{61EE6E90-C441-45F6-A7FF-89E60FBD0CDC}.Debug|Any CPU.ActiveCfg = Debug|Any CPU
		{61EE6E90-C441-45F6-A7FF-89E60FBD0CDC}.Debug|Any CPU.Build.0 = Debug|Any CPU
		{61EE6E90-C441-45F6-A7FF-89E60FBD0CDC}.Release|Any CPU.ActiveCfg = Release|Any CPU
		{61EE6E90-C441-45F6-A7FF-89E60FBD0CDC}.Release|Any CPU.Build.0 = Release|Any CPU
	EndGlobalSection
	GlobalSection(SolutionProperties) = preSolution
		HideSolutionNode = FALSE
	EndGlobalSection
	GlobalSection(ExtensibilityGlobals) = postSolution
		SolutionGuid = {987A1126-27F7-46C3-B025-24664A02124C}
	EndGlobalSection
EndGlobal
